
Microsoft Visual Studio Solution File, Format Version 12.00
# Visual Studio Version 17
VisualStudioVersion = 17.5.002.0
MinimumVisualStudioVersion = 10.0.40219.1
Project("{9A19103F-16F7-4668-BE54-9A1E7A4F7556}") = "MyMovieListApi", "MyMovieListApi.csproj", "{7E726B87-8FAD-4924-95E8-73EE7F519FBD}"
EndProject
Global
	GlobalSection(SolutionConfigurationPlatforms) = preSolution
		Debug|Any CPU = Debug|Any CPU
		Release|Any CPU = Release|Any CPU
	EndGlobalSection
	GlobalSection(ProjectConfigurationPlatforms) = postSolution
		{7E726B87-8FAD-4924-95E8-73EE7F519FBD}.Debug|Any CPU.ActiveCfg = Debug|Any CPU
		{7E726B87-8FAD-4924-95E8-73EE7F519FBD}.Debug|Any CPU.Build.0 = Debug|Any CPU
		{7E726B87-8FAD-4924-95E8-73EE7F519FBD}.Release|Any CPU.ActiveCfg = Release|Any CPU
		{7E726B87-8FAD-4924-95E8-73EE7F519FBD}.Release|Any CPU.Build.0 = Release|Any CPU
	EndGlobalSection
	GlobalSection(SolutionProperties) = preSolution
		HideSolutionNode = FALSE
	EndGlobalSection
	GlobalSection(ExtensibilityGlobals) = postSolution
		SolutionGuid = {7756CFE4-5B0D-47A1-B29E-5E3BE82C982A}
	EndGlobalSection
EndGlobal
